// !$*UTF8*$!
{
	archiveVersion = 1;
	classes = {
	};
	objectVersion = 46;
	objects = {

/* Begin PBXBuildFile section */
		91C50B361BC62D5700226583 /* AppDelegate.swift in Sources */ = {isa = PBXBuildFile; fileRef = 91C50B351BC62D5700226583 /* AppDelegate.swift */; };
		91C50B381BC62D5700226583 /* ViewController.swift in Sources */ = {isa = PBXBuildFile; fileRef = 91C50B371BC62D5700226583 /* ViewController.swift */; };
		91C50B3B1BC62D5700226583 /* Main.storyboard in Resources */ = {isa = PBXBuildFile; fileRef = 91C50B391BC62D5700226583 /* Main.storyboard */; };
		91C50B3D1BC62D5700226583 /* Assets.xcassets in Resources */ = {isa = PBXBuildFile; fileRef = 91C50B3C1BC62D5700226583 /* Assets.xcassets */; };
		91C50B401BC62D5700226583 /* LaunchScreen.storyboard in Resources */ = {isa = PBXBuildFile; fileRef = 91C50B3E1BC62D5700226583 /* LaunchScreen.storyboard */; };
		91C50B4B1BC62D5700226583 /* tipsTests.swift in Sources */ = {isa = PBXBuildFile; fileRef = 91C50B4A1BC62D5700226583 /* tipsTests.swift */; };
		91C50B561BC62D5700226583 /* tipsUITests.swift in Sources */ = {isa = PBXBuildFile; fileRef = 91C50B551BC62D5700226583 /* tipsUITests.swift */; };
/* End PBXBuildFile section */

/* Begin PBXContainerItemProxy section */
		91C50B471BC62D5700226583 /* PBXContainerItemProxy */ = {
			isa = PBXContainerItemProxy;
			containerPortal = 91C50B2A1BC62D5700226583 /* Project object */;
			proxyType = 1;
			remoteGlobalIDString = 91C50B311BC62D5700226583;
			remoteInfo = tips;
		};
		91C50B521BC62D5700226583 /* PBXContainerItemProxy */ = {
			isa = PBXContainerItemProxy;
			containerPortal = 91C50B2A1BC62D5700226583 /* Project object */;
			proxyType = 1;
			remoteGlobalIDString = 91C50B311BC62D5700226583;
			remoteInfo = tips;
		};
/* End PBXContainerItemProxy section */

/* Begin PBXFileReference section */
		91C50B321BC62D5700226583 /* tips.app */ = {isa = PBXFileReference; explicitFileType = wrapper.application; includeInIndex = 0; path = tips.app; sourceTree = BUILT_PRODUCTS_DIR; };
		91C50B351BC62D5700226583 /* AppDelegate.swift */ = {isa = PBXFileReference; lastKnownFileType = sourcecode.swift; path = AppDelegate.swift; sourceTree = "<group>"; };
		91C50B371BC62D5700226583 /* ViewController.swift */ = {isa = PBXFileReference; lastKnownFileType = sourcecode.swift; path = ViewController.swift; sourceTree = "<group>"; };
		91C50B3A1BC62D5700226583 /* Base */ = {isa = PBXFileReference; lastKnownFileType = file.storyboard; name = Base; path = Base.lproj/Main.storyboard; sourceTree = "<group>"; };
		91C50B3C1BC62D5700226583 /* Assets.xcassets */ = {isa = PBXFileReference; lastKnownFileType = folder.assetcatalog; path = Assets.xcassets; sourceTree = "<group>"; };
		91C50B3F1BC62D5700226583 /* Base */ = {isa = PBXFileReference; lastKnownFileType = file.storyboard; name = Base; path = Base.lproj/LaunchScreen.storyboard; sourceTree = "<group>"; };
		91C50B411BC62D5700226583 /* Info.plist */ = {isa = PBXFileReference; lastKnownFileType = text.plist.xml; path = Info.plist; sourceTree = "<group>"; };
		91C50B461BC62D5700226583 /* tipsTests.xctest */ = {isa = PBXFileReference; explicitFileType = wrapper.cfbundle; includeInIndex = 0; path = tipsTests.xctest; sourceTree = BUILT_PRODUCTS_DIR; };
		91C50B4A1BC62D5700226583 /* tipsTests.swift */ = {isa = PBXFileReference; lastKnownFileType = sourcecode.swift; path = tipsTests.swift; sourceTree = "<group>"; };
		91C50B4C1BC62D5700226583 /* Info.plist */ = {isa = PBXFileReference; lastKnownFileType = text.plist.xml; path = Info.plist; sourceTree = "<group>"; };
		91C50B511BC62D5700226583 /* tipsUITests.xctest */ = {isa = PBXFileReference; explicitFileType = wrapper.cfbundle; includeInIndex = 0; path = tipsUITests.xctest; sourceTree = BUILT_PRODUCTS_DIR; };
		91C50B551BC62D5700226583 /* tipsUITests.swift */ = {isa = PBXFileReference; lastKnownFileType = sourcecode.swift; path = tipsUITests.swift; sourceTree = "<group>"; };
		91C50B571BC62D5700226583 /* Info.plist */ = {isa = PBXFileReference; lastKnownFileType = text.plist.xml; path = Info.plist; sourceTree = "<group>"; };
/* End PBXFileReference section */

/* Begin PBXFrameworksBuildPhase section */
		91C50B2F1BC62D5700226583 /* Frameworks */ = {
			isa = PBXFrameworksBuildPhase;
			buildActionMask = 2147483647;
			files = (
			);
			runOnlyForDeploymentPostprocessing = 0;
		};
		91C50B431BC62D5700226583 /* Frameworks */ = {
			isa = PBXFrameworksBuildPhase;
			buildActionMask = 2147483647;
			files = (
			);
			runOnlyForDeploymentPostprocessing = 0;
		};
		91C50B4E1BC62D5700226583 /* Frameworks */ = {
			isa = PBXFrameworksBuildPhase;
			buildActionMask = 2147483647;
			files = (
			);
			runOnlyForDeploymentPostprocessing = 0;
		};
/* End PBXFrameworksBuildPhase section */

/* Begin PBXGroup section */
		91C50B291BC62D5700226583 = {
			isa = PBXGroup;
			children = (
				91C50B341BC62D5700226583 /* tips */,
				91C50B491BC62D5700226583 /* tipsTests */,
				91C50B541BC62D5700226583 /* tipsUITests */,
				91C50B331BC62D5700226583 /* Products */,
			);
			sourceTree = "<group>";
		};
		91C50B331BC62D5700226583 /* Products */ = {
			isa = PBXGroup;
			children = (
				91C50B321BC62D5700226583 /* tips.app */,
				91C50B461BC62D5700226583 /* tipsTests.xctest */,
				91C50B511BC62D5700226583 /* tipsUITests.xctest */,
			);
			name = Products;
			sourceTree = "<group>";
		};
		91C50B341BC62D5700226583 /* tips */ = {
			isa = PBXGroup;
			children = (
				91C50B351BC62D5700226583 /* AppDelegate.swift */,
				91C50B371BC62D5700226583 /* ViewController.swift */,
				91C50B391BC62D5700226583 /* Main.storyboard */,
				91C50B3C1BC62D5700226583 /* Assets.xcassets */,
				91C50B3E1BC62D5700226583 /* LaunchScreen.storyboard */,
				91C50B411BC62D5700226583 /* Info.plist */,
			);
			path = tips;
			sourceTree = "<group>";
		};
		91C50B491BC62D5700226583 /* tipsTests */ = {
			isa = PBXGroup;
			children = (
				91C50B4A1BC62D5700226583 /* tipsTests.swift */,
				91C50B4C1BC62D5700226583 /* Info.plist */,
			);
			path = tipsTests;
			sourceTree = "<group>";
		};
		91C50B541BC62D5700226583 /* tipsUITests */ = {
			isa = PBXGroup;
			children = (
				91C50B551BC62D5700226583 /* tipsUITests.swift */,
				91C50B571BC62D5700226583 /* Info.plist */,
			);
			path = tipsUITests;
			sourceTree = "<group>";
		};
/* End PBXGroup section */

/* Begin PBXNativeTarget section */
		91C50B311BC62D5700226583 /* tips */ = {
			isa = PBXNativeTarget;
			buildConfigurationList = 91C50B5A1BC62D5700226583 /* Build configuration list for PBXNativeTarget "tips" */;
			buildPhases = (
				91C50B2E1BC62D5700226583 /* Sources */,
				91C50B2F1BC62D5700226583 /* Frameworks */,
				91C50B301BC62D5700226583 /* Resources */,
			);
			buildRules = (
			);
			dependencies = (
			);
			name = tips;
			productName = tips;
			productReference = 91C50B321BC62D5700226583 /* tips.app */;
			productType = "com.apple.product-type.application";
		};
		91C50B451BC62D5700226583 /* tipsTests */ = {
			isa = PBXNativeTarget;
			buildConfigurationList = 91C50B5D1BC62D5700226583 /* Build configuration list for PBXNativeTarget "tipsTests" */;
			buildPhases = (
				91C50B421BC62D5700226583 /* Sources */,
				91C50B431BC62D5700226583 /* Frameworks */,
				91C50B441BC62D5700226583 /* Resources */,
			);
			buildRules = (
			);
			dependencies = (
				91C50B481BC62D5700226583 /* PBXTargetDependency */,
			);
			name = tipsTests;
			productName = tipsTests;
			productReference = 91C50B461BC62D5700226583 /* tipsTests.xctest */;
			productType = "com.apple.product-type.bundle.unit-test";
		};
		91C50B501BC62D5700226583 /* tipsUITests */ = {
			isa = PBXNativeTarget;
			buildConfigurationList = 91C50B601BC62D5700226583 /* Build configuration list for PBXNativeTarget "tipsUITests" */;
			buildPhases = (
				91C50B4D1BC62D5700226583 /* Sources */,
				91C50B4E1BC62D5700226583 /* Frameworks */,
				91C50B4F1BC62D5700226583 /* Resources */,
			);
			buildRules = (
			);
			dependencies = (
				91C50B531BC62D5700226583 /* PBXTargetDependency */,
			);
			name = tipsUITests;
			productName = tipsUITests;
			productReference = 91C50B511BC62D5700226583 /* tipsUITests.xctest */;
			productType = "com.apple.product-type.bundle.ui-testing";
		};
/* End PBXNativeTarget section */

/* Begin PBXProject section */
		91C50B2A1BC62D5700226583 /* Project object */ = {
			isa = PBXProject;
			attributes = {
				LastUpgradeCheck = 0700;
				ORGANIZATIONNAME = "David Scoville";
				TargetAttributes = {
					91C50B311BC62D5700226583 = {
						CreatedOnToolsVersion = 7.0.1;
					};
					91C50B451BC62D5700226583 = {
						CreatedOnToolsVersion = 7.0.1;
						TestTargetID = 91C50B311BC62D5700226583;
					};
					91C50B501BC62D5700226583 = {
						CreatedOnToolsVersion = 7.0.1;
						TestTargetID = 91C50B311BC62D5700226583;
					};
				};
			};
			buildConfigurationList = 91C50B2D1BC62D5700226583 /* Build configuration list for PBXProject "tips" */;
			compatibilityVersion = "Xcode 3.2";
			developmentRegion = English;
			hasScannedForEncodings = 0;
			knownRegions = (
				en,
				Base,
			);
			mainGroup = 91C50B291BC62D5700226583;
			productRefGroup = 91C50B331BC62D5700226583 /* Products */;
			projectDirPath = "";
			projectRoot = "";
			targets = (
				91C50B311BC62D5700226583 /* tips */,
				91C50B451BC62D5700226583 /* tipsTests */,
				91C50B501BC62D5700226583 /* tipsUITests */,
			);
		};
/* End PBXProject section */

/* Begin PBXResourcesBuildPhase section */
		91C50B301BC62D5700226583 /* Resources */ = {
			isa = PBXResourcesBuildPhase;
			buildActionMask = 2147483647;
			files = (
				91C50B401BC62D5700226583 /* LaunchScreen.storyboard in Resources */,
				91C50B3D1BC62D5700226583 /* Assets.xcassets in Resources */,
				91C50B3B1BC62D5700226583 /* Main.storyboard in Resources */,
			);
			runOnlyForDeploymentPostprocessing = 0;
		};
		91C50B441BC62D5700226583 /* Resources */ = {
			isa = PBXResourcesBuildPhase;
			buildActionMask = 2147483647;
			files = (
			);
			runOnlyForDeploymentPostprocessing = 0;
		};
		91C50B4F1BC62D5700226583 /* Resources */ = {
			isa = PBXResourcesBuildPhase;
			buildActionMask = 2147483647;
			files = (
			);
			runOnlyForDeploymentPostprocessing = 0;
		};
/* End PBXResourcesBuildPhase section */

/* Begin PBXSourcesBuildPhase section */
		91C50B2E1BC62D5700226583 /* Sources */ = {
			isa = PBXSourcesBuildPhase;
			buildActionMask = 2147483647;
			files = (
				91C50B381BC62D5700226583 /* ViewController.swift in Sources */,
				91C50B361BC62D5700226583 /* AppDelegate.swift in Sources */,
			);
			runOnlyForDeploymentPostprocessing = 0;
		};
		91C50B421BC62D5700226583 /* Sources */ = {
			isa = PBXSourcesBuildPhase;
			buildActionMask = 2147483647;
			files = (
				91C50B4B1BC62D5700226583 /* tipsTests.swift in Sources */,
			);
			runOnlyForDeploymentPostprocessing = 0;
		};
		91C50B4D1BC62D5700226583 /* Sources */ = {
			isa = PBXSourcesBuildPhase;
			buildActionMask = 2147483647;
			files = (
				91C50B561BC62D5700226583 /* tipsUITests.swift in Sources */,
			);
			runOnlyForDeploymentPostprocessing = 0;
		};
/* End PBXSourcesBuildPhase section */

/* Begin PBXTargetDependency section */
		91C50B481BC62D5700226583 /* PBXTargetDependency */ = {
			isa = PBXTargetDependency;
			target = 91C50B311BC62D5700226583 /* tips */;
			targetProxy = 91C50B471BC62D5700226583 /* PBXContainerItemProxy */;
		};
		91C50B531BC62D5700226583 /* PBXTargetDependency */ = {
			isa = PBXTargetDependency;
			target = 91C50B311BC62D5700226583 /* tips */;
			targetProxy = 91C50B521BC62D5700226583 /* PBXContainerItemProxy */;
		};
/* End PBXTargetDependency section */

/* Begin PBXVariantGroup section */
		91C50B391BC62D5700226583 /* Main.storyboard */ = {
			isa = PBXVariantGroup;
			children = (
				91C50B3A1BC62D5700226583 /* Base */,
			);
			name = Main.storyboard;
			sourceTree = "<group>";
		};
		91C50B3E1BC62D5700226583 /* LaunchScreen.storyboard */ = {
			isa = PBXVariantGroup;
			children = (
				91C50B3F1BC62D5700226583 /* Base */,
			);
			name = LaunchScreen.storyboard;
			sourceTree = "<group>";
		};
/* End PBXVariantGroup section */

/* Begin XCBuildConfiguration section */
		91C50B581BC62D5700226583 /* Debug */ = {
			isa = XCBuildConfiguration;
			buildSettings = {
				ALWAYS_SEARCH_USER_PATHS = NO;
				CLANG_CXX_LANGUAGE_STANDARD = "gnu++0x";
				CLANG_CXX_LIBRARY = "libc++";
				CLANG_ENABLE_MODULES = YES;
				CLANG_ENABLE_OBJC_ARC = YES;
				CLANG_WARN_BOOL_CONVERSION = YES;
				CLANG_WARN_CONSTANT_CONVERSION = YES;
				CLANG_WARN_DIRECT_OBJC_ISA_USAGE = YES_ERROR;
				CLANG_WARN_EMPTY_BODY = YES;
				CLANG_WARN_ENUM_CONVERSION = YES;
				CLANG_WARN_INT_CONVERSION = YES;
				CLANG_WARN_OBJC_ROOT_CLASS = YES_ERROR;
				CLANG_WARN_UNREACHABLE_CODE = YES;
				CLANG_WARN__DUPLICATE_METHOD_MATCH = YES;
				"CODE_SIGN_IDENTITY[sdk=iphoneos*]" = "iPhone Developer";
				COPY_PHASE_STRIP = NO;
				DEBUG_INFORMATION_FORMAT = dwarf;
				ENABLE_STRICT_OBJC_MSGSEND = YES;
				ENABLE_TESTABILITY = YES;
				GCC_C_LANGUAGE_STANDARD = gnu99;
				GCC_DYNAMIC_NO_PIC = NO;
				GCC_NO_COMMON_BLOCKS = YES;
				GCC_OPTIMIZATION_LEVEL = 0;
				GCC_PREPROCESSOR_DEFINITIONS = (
					"DEBUG=1",
					"$(inherited)",
				);
				GCC_WARN_64_TO_32_BIT_CONVERSION = YES;
				GCC_WARN_ABOUT_RETURN_TYPE = YES_ERROR;
				GCC_WARN_UNDECLARED_SELECTOR = YES;
				GCC_WARN_UNINITIALIZED_AUTOS = YES_AGGRESSIVE;
				GCC_WARN_UNUSED_FUNCTION = YES;
				GCC_WARN_UNUSED_VARIABLE = YES;
				IPHONEOS_DEPLOYMENT_TARGET = 9.0;
				MTL_ENABLE_DEBUG_INFO = YES;
				ONLY_ACTIVE_ARCH = YES;
				SDKROOT = iphoneos;
				SWIFT_OPTIMIZATION_LEVEL = "-Onone";
			};
			name = Debug;
		};
		91C50B591BC62D5700226583 /* Release */ = {
			isa = XCBuildConfiguration;
			buildSettings = {
				ALWAYS_SEARCH_USER_PATHS = NO;
				CLANG_CXX_LANGUAGE_STANDARD = "gnu++0x";
				CLANG_CXX_LIBRARY = "libc++";
				CLANG_ENABLE_MODULES = YES;
				CLANG_ENABLE_OBJC_ARC = YES;
				CLANG_WARN_BOOL_CONVERSION = YES;
				CLANG_WARN_CONSTANT_CONVERSION = YES;
				CLANG_WARN_DIRECT_OBJC_ISA_USAGE = YES_ERROR;
				CLANG_WARN_EMPTY_BODY = YES;
				CLANG_WARN_ENUM_CONVERSION = YES;
				CLANG_WARN_INT_CONVERSION = YES;
				CLANG_WARN_OBJC_ROOT_CLASS = YES_ERROR;
				CLANG_WARN_UNREACHABLE_CODE = YES;
				CLANG_WARN__DUPLICATE_METHOD_MATCH = YES;
				"CODE_SIGN_IDENTITY[sdk=iphoneos*]" = "iPhone Developer";
				COPY_PHASE_STRIP = NO;
				DEBUG_INFORMATION_FORMAT = "dwarf-with-dsym";
				ENABLE_NS_ASSERTIONS = NO;
				ENABLE_STRICT_OBJC_MSGSEND = YES;
				GCC_C_LANGUAGE_STANDARD = gnu99;
				GCC_NO_COMMON_BLOCKS = YES;
				GCC_WARN_64_TO_32_BIT_CONVERSION = YES;
				GCC_WARN_ABOUT_RETURN_TYPE = YES_ERROR;
				GCC_WARN_UNDECLARED_SELECTOR = YES;
				GCC_WARN_UNINITIALIZED_AUTOS = YES_AGGRESSIVE;
				GCC_WARN_UNUSED_FUNCTION = YES;
				GCC_WARN_UNUSED_VARIABLE = YES;
				IPHONEOS_DEPLOYMENT_TARGET = 9.0;
				MTL_ENABLE_DEBUG_INFO = NO;
				SDKROOT = iphoneos;
				VALIDATE_PRODUCT = YES;
			};
			name = Release;
		};
		91C50B5B1BC62D5700226583 /* Debug */ = {
			isa = XCBuildConfiguration;
			buildSettings = {
				ASSETCATALOG_COMPILER_APPICON_NAME = AppIcon;
				INFOPLIST_FILE = tips/Info.plist;
				LD_RUNPATH_SEARCH_PATHS = "$(inherited) @executable_path/Frameworks";
				PRODUCT_BUNDLE_IDENTIFIER = davidscompany.tips;
				PRODUCT_NAME = "$(TARGET_NAME)";
			};
			name = Debug;
		};
		91C50B5C1BC62D5700226583 /* Release */ = {
			isa = XCBuildConfiguration;
			buildSettings = {
				ASSETCATALOG_COMPILER_APPICON_NAME = AppIcon;
				INFOPLIST_FILE = tips/Info.plist;
				LD_RUNPATH_SEARCH_PATHS = "$(inherited) @executable_path/Frameworks";
				PRODUCT_BUNDLE_IDENTIFIER = davidscompany.tips;
				PRODUCT_NAME = "$(TARGET_NAME)";
			};
			name = Release;
		};
		91C50B5E1BC62D5700226583 /* Debug */ = {
			isa = XCBuildConfiguration;
			buildSettings = {
				BUNDLE_LOADER = "$(TEST_HOST)";
				INFOPLIST_FILE = tipsTests/Info.plist;
				LD_RUNPATH_SEARCH_PATHS = "$(inherited) @executable_path/Frameworks @loader_path/Frameworks";
				PRODUCT_BUNDLE_IDENTIFIER = davidscompany.tipsTests;
				PRODUCT_NAME = "$(TARGET_NAME)";
				TEST_HOST = "$(BUILT_PRODUCTS_DIR)/tips.app/tips";
			};
			name = Debug;
		};
		91C50B5F1BC62D5700226583 /* Release */ = {
			isa = XCBuildConfiguration;
			buildSettings = {
				BUNDLE_LOADER = "$(TEST_HOST)";
				INFOPLIST_FILE = tipsTests/Info.plist;
				LD_RUNPATH_SEARCH_PATHS = "$(inherited) @executable_path/Frameworks @loader_path/Frameworks";
				PRODUCT_BUNDLE_IDENTIFIER = davidscompany.tipsTests;
				PRODUCT_NAME = "$(TARGET_NAME)";
				TEST_HOST = "$(BUILT_PRODUCTS_DIR)/tips.app/tips";
			};
			name = Release;
		};
		91C50B611BC62D5700226583 /* Debug */ = {
			isa = XCBuildConfiguration;
			buildSettings = {
				INFOPLIST_FILE = tipsUITests/Info.plist;
				LD_RUNPATH_SEARCH_PATHS = "$(inherited) @executable_path/Frameworks @loader_path/Frameworks";
				PRODUCT_BUNDLE_IDENTIFIER = davidscompany.tipsUITests;
				PRODUCT_NAME = "$(TARGET_NAME)";
				TEST_TARGET_NAME = tips;
				USES_XCTRUNNER = YES;
			};
			name = Debug;
		};
		91C50B621BC62D5700226583 /* Release */ = {
			isa = XCBuildConfiguration;
			buildSettings = {
				INFOPLIST_FILE = tipsUITests/Info.plist;
				LD_RUNPATH_SEARCH_PATHS = "$(inherited) @executable_path/Frameworks @loader_path/Frameworks";
				PRODUCT_BUNDLE_IDENTIFIER = davidscompany.tipsUITests;
				PRODUCT_NAME = "$(TARGET_NAME)";
				TEST_TARGET_NAME = tips;
				USES_XCTRUNNER = YES;
			};
			name = Release;
		};
/* End XCBuildConfiguration section */

/* Begin XCConfigurationList section */
		91C50B2D1BC62D5700226583 /* Build configuration list for PBXProject "tips" */ = {
			isa = XCConfigurationList;
			buildConfigurations = (
				91C50B581BC62D5700226583 /* Debug */,
				91C50B591BC62D5700226583 /* Release */,
			);
			defaultConfigurationIsVisible = 0;
			defaultConfigurationName = Release;
		};
		91C50B5A1BC62D5700226583 /* Build configuration list for PBXNativeTarget "tips" */ = {
			isa = XCConfigurationList;
			buildConfigurations = (
				91C50B5B1BC62D5700226583 /* Debug */,
				91C50B5C1BC62D5700226583 /* Release */,
			);
			defaultConfigurationIsVisible = 0;
		};
		91C50B5D1BC62D5700226583 /* Build configuration list for PBXNativeTarget "tipsTests" */ = {
			isa = XCConfigurationList;
			buildConfigurations = (
				91C50B5E1BC62D5700226583 /* Debug */,
				91C50B5F1BC62D5700226583 /* Release */,
			);
			defaultConfigurationIsVisible = 0;
		};
		91C50B601BC62D5700226583 /* Build configuration list for PBXNativeTarget "tipsUITests" */ = {
			isa = XCConfigurationList;
			buildConfigurations = (
				91C50B611BC62D5700226583 /* Debug */,
				91C50B621BC62D5700226583 /* Release */,
			);
			defaultConfigurationIsVisible = 0;
		};
/* End XCConfigurationList section */
	};
	rootObject = 91C50B2A1BC62D5700226583 /* Project object */;
}
